{
  "name": "chrissy_therapies",
  "version": "1.0.0",
  "lockfileVersion": 1,
  "requires": true,
  "dependencies": {
    "bootstrap": {
      "version": "4.1.1",
      "resolved": "https://registry.npmjs.org/bootstrap/-/bootstrap-4.1.1.tgz",
      "integrity": "sha512-SpiDSOcbg4J/PjVSt4ny5eY6j74VbVSjROY4Fb/WIUXBV9cnb5luyR4KnPvNoXuGnBK1T+nJIWqRsvU3yP8Mcg=="
    },
    "jquery": {
      "version": "3.3.1",
      "resolved": "https://registry.npmjs.org/jquery/-/jquery-3.3.1.tgz",
      "integrity": "sha512-Ubldcmxp5np52/ENotGxlLe6aGMvmF4R8S6tZjsP6Knsaxd/xp3Zrh50cG93lR6nPXyUFwzN3ZSOQI0wRJNdGg=="
    },
    "jquery-backstretch": {
      "version": "2.1.16",
      "resolved": "https://registry.npmjs.org/jquery-backstretch/-/jquery-backstretch-2.1.16.tgz",
      "integrity": "sha512-dN99jdyS1TIKGHJzn29+wBgKEqYHa1jp002pgdNP+R4JXtrFZMjp7ezRhRdp9n2Y4t40hG1MRBce/dFIWFbrEw==",
      "requires": {
        "jquery": "^3.1.1"
      }
    }
  }
}
